// !$*UTF8*$!
{
	archiveVersion = 1;
	classes = {
	};
	objectVersion = 56;
	objects = {

/* Begin PBXBuildFile section */
		B804EC6F2C15B3ED008FAD1A /* SettingTableViewCell.swift in Sources */ = {isa = PBXBuildFile; fileRef = B804EC6E2C15B3ED008FAD1A /* SettingTableViewCell.swift */; };
		B804EC712C15B4F4008FAD1A /* SettingType.swift in Sources */ = {isa = PBXBuildFile; fileRef = B804EC702C15B4F4008FAD1A /* SettingType.swift */; };
		B804EC742C15C1D3008FAD1A /* EditNameViewController.swift in Sources */ = {isa = PBXBuildFile; fileRef = B804EC732C15C1D3008FAD1A /* EditNameViewController.swift */; };
		B804EC762C15C744008FAD1A /* SelectTamagotciVCType.swift in Sources */ = {isa = PBXBuildFile; fileRef = B804EC752C15C744008FAD1A /* SelectTamagotciVCType.swift */; };
		B81F4E672C114DAD0061FA51 /* AppDelegate.swift in Sources */ = {isa = PBXBuildFile; fileRef = B81F4E662C114DAD0061FA51 /* AppDelegate.swift */; };
		B81F4E692C114DAD0061FA51 /* SceneDelegate.swift in Sources */ = {isa = PBXBuildFile; fileRef = B81F4E682C114DAD0061FA51 /* SceneDelegate.swift */; };
		B81F4E702C114DAF0061FA51 /* Assets.xcassets in Resources */ = {isa = PBXBuildFile; fileRef = B81F4E6F2C114DAF0061FA51 /* Assets.xcassets */; };
		B81F4E732C114DAF0061FA51 /* Base in Resources */ = {isa = PBXBuildFile; fileRef = B81F4E722C114DAF0061FA51 /* Base */; };
		B81F4E7C2C114DE70061FA51 /* Toast in Frameworks */ = {isa = PBXBuildFile; productRef = B81F4E7B2C114DE70061FA51 /* Toast */; };
		B81F4E7F2C114DF70061FA51 /* Kingfisher in Frameworks */ = {isa = PBXBuildFile; productRef = B81F4E7E2C114DF70061FA51 /* Kingfisher */; };
		B81F4E822C114E0E0061FA51 /* SnapKit in Frameworks */ = {isa = PBXBuildFile; productRef = B81F4E812C114E0E0061FA51 /* SnapKit */; };
		B81F4E852C114E190061FA51 /* Alamofire in Frameworks */ = {isa = PBXBuildFile; productRef = B81F4E842C114E190061FA51 /* Alamofire */; };
		B81F4E882C1150130061FA51 /* .gitignore in Resources */ = {isa = PBXBuildFile; fileRef = B81F4E872C1150130061FA51 /* .gitignore */; };
		B81F4E8C2C1151A10061FA51 /* DefaultLayout.swift in Sources */ = {isa = PBXBuildFile; fileRef = B81F4E8B2C1151A10061FA51 /* DefaultLayout.swift */; };
		B81F4E8E2C11548F0061FA51 /* TamagotchiVC.swift in Sources */ = {isa = PBXBuildFile; fileRef = B81F4E8D2C11548F0061FA51 /* TamagotchiVC.swift */; };
		B81F4E952C115AAA0061FA51 /* User.swift in Sources */ = {isa = PBXBuildFile; fileRef = B81F4E942C115AAA0061FA51 /* User.swift */; };
		B81F4E982C115F1C0061FA51 /* SelectTamagotchiViewController.swift in Sources */ = {isa = PBXBuildFile; fileRef = B81F4E972C115F1C0061FA51 /* SelectTamagotchiViewController.swift */; };
		B81F4E9A2C115FCF0061FA51 /* PopUpViewController.swift in Sources */ = {isa = PBXBuildFile; fileRef = B81F4E992C115FCF0061FA51 /* PopUpViewController.swift */; };
		B81F4EA02C1160870061FA51 /* MainViewController.swift in Sources */ = {isa = PBXBuildFile; fileRef = B81F4E9F2C1160870061FA51 /* MainViewController.swift */; };
		B81F4EA22C1160960061FA51 /* SettingViewController.swift in Sources */ = {isa = PBXBuildFile; fileRef = B81F4EA12C1160960061FA51 /* SettingViewController.swift */; };
		B81F4EA42C1170F70061FA51 /* Tamagotchi.swift in Sources */ = {isa = PBXBuildFile; fileRef = B81F4EA32C1170F70061FA51 /* Tamagotchi.swift */; };
		B81F4EA62C117D850061FA51 /* SelectTamagotchiCollectionViewCell.swift in Sources */ = {isa = PBXBuildFile; fileRef = B81F4EA52C117D850061FA51 /* SelectTamagotchiCollectionViewCell.swift */; };
		B81F4EA82C117F7E0061FA51 /* CharacterView.swift in Sources */ = {isa = PBXBuildFile; fileRef = B81F4EA72C117F7E0061FA51 /* CharacterView.swift */; };
		B81F4EAA2C12B3210061FA51 /* MainTextField.swift in Sources */ = {isa = PBXBuildFile; fileRef = B81F4EA92C12B3210061FA51 /* MainTextField.swift */; };
		B81F4EAC2C12D6CA0061FA51 /* Message.swift in Sources */ = {isa = PBXBuildFile; fileRef = B81F4EAB2C12D6CA0061FA51 /* Message.swift */; };
		B8E2D0142C15FDCF00009721 /* SwiftyUserDefaults in Frameworks */ = {isa = PBXBuildFile; productRef = B8E2D0132C15FDCF00009721 /* SwiftyUserDefaults */; };
		B8E2D0172C15FE3300009721 /* DefaultsKey+Extesion.swift in Sources */ = {isa = PBXBuildFile; fileRef = B8E2D0162C15FE3300009721 /* DefaultsKey+Extesion.swift */; };
/* End PBXBuildFile section */

/* Begin PBXFileReference section */
		B804EC6E2C15B3ED008FAD1A /* SettingTableViewCell.swift */ = {isa = PBXFileReference; lastKnownFileType = sourcecode.swift; path = SettingTableViewCell.swift; sourceTree = "<group>"; };
		B804EC702C15B4F4008FAD1A /* SettingType.swift */ = {isa = PBXFileReference; lastKnownFileType = sourcecode.swift; path = SettingType.swift; sourceTree = "<group>"; };
		B804EC732C15C1D3008FAD1A /* EditNameViewController.swift */ = {isa = PBXFileReference; lastKnownFileType = sourcecode.swift; path = EditNameViewController.swift; sourceTree = "<group>"; };
		B804EC752C15C744008FAD1A /* SelectTamagotciVCType.swift */ = {isa = PBXFileReference; lastKnownFileType = sourcecode.swift; path = SelectTamagotciVCType.swift; sourceTree = "<group>"; };
		B81F4E632C114DAD0061FA51 /* HatchATamagotchi.app */ = {isa = PBXFileReference; explicitFileType = wrapper.application; includeInIndex = 0; path = HatchATamagotchi.app; sourceTree = BUILT_PRODUCTS_DIR; };
		B81F4E662C114DAD0061FA51 /* AppDelegate.swift */ = {isa = PBXFileReference; lastKnownFileType = sourcecode.swift; path = AppDelegate.swift; sourceTree = "<group>"; };
		B81F4E682C114DAD0061FA51 /* SceneDelegate.swift */ = {isa = PBXFileReference; lastKnownFileType = sourcecode.swift; path = SceneDelegate.swift; sourceTree = "<group>"; };
		B81F4E6F2C114DAF0061FA51 /* Assets.xcassets */ = {isa = PBXFileReference; lastKnownFileType = folder.assetcatalog; path = Assets.xcassets; sourceTree = "<group>"; };
		B81F4E722C114DAF0061FA51 /* Base */ = {isa = PBXFileReference; lastKnownFileType = file.storyboard; name = Base; path = Base.lproj/LaunchScreen.storyboard; sourceTree = "<group>"; };
		B81F4E742C114DAF0061FA51 /* Info.plist */ = {isa = PBXFileReference; lastKnownFileType = text.plist.xml; path = Info.plist; sourceTree = "<group>"; };
		B81F4E872C1150130061FA51 /* .gitignore */ = {isa = PBXFileReference; lastKnownFileType = text; path = .gitignore; sourceTree = "<group>"; };
		B81F4E8B2C1151A10061FA51 /* DefaultLayout.swift */ = {isa = PBXFileReference; lastKnownFileType = sourcecode.swift; path = DefaultLayout.swift; sourceTree = "<group>"; };
		B81F4E8D2C11548F0061FA51 /* TamagotchiVC.swift */ = {isa = PBXFileReference; lastKnownFileType = sourcecode.swift; path = TamagotchiVC.swift; sourceTree = "<group>"; };
		B81F4E942C115AAA0061FA51 /* User.swift */ = {isa = PBXFileReference; lastKnownFileType = sourcecode.swift; path = User.swift; sourceTree = "<group>"; };
		B81F4E972C115F1C0061FA51 /* SelectTamagotchiViewController.swift */ = {isa = PBXFileReference; lastKnownFileType = sourcecode.swift; path = SelectTamagotchiViewController.swift; sourceTree = "<group>"; };
		B81F4E992C115FCF0061FA51 /* PopUpViewController.swift */ = {isa = PBXFileReference; lastKnownFileType = sourcecode.swift; path = PopUpViewController.swift; sourceTree = "<group>"; };
		B81F4E9F2C1160870061FA51 /* MainViewController.swift */ = {isa = PBXFileReference; lastKnownFileType = sourcecode.swift; path = MainViewController.swift; sourceTree = "<group>"; };
		B81F4EA12C1160960061FA51 /* SettingViewController.swift */ = {isa = PBXFileReference; lastKnownFileType = sourcecode.swift; path = SettingViewController.swift; sourceTree = "<group>"; };
		B81F4EA32C1170F70061FA51 /* Tamagotchi.swift */ = {isa = PBXFileReference; lastKnownFileType = sourcecode.swift; path = Tamagotchi.swift; sourceTree = "<group>"; };
		B81F4EA52C117D850061FA51 /* SelectTamagotchiCollectionViewCell.swift */ = {isa = PBXFileReference; lastKnownFileType = sourcecode.swift; path = SelectTamagotchiCollectionViewCell.swift; sourceTree = "<group>"; };
		B81F4EA72C117F7E0061FA51 /* CharacterView.swift */ = {isa = PBXFileReference; lastKnownFileType = sourcecode.swift; path = CharacterView.swift; sourceTree = "<group>"; };
		B81F4EA92C12B3210061FA51 /* MainTextField.swift */ = {isa = PBXFileReference; lastKnownFileType = sourcecode.swift; path = MainTextField.swift; sourceTree = "<group>"; };
		B81F4EAB2C12D6CA0061FA51 /* Message.swift */ = {isa = PBXFileReference; lastKnownFileType = sourcecode.swift; path = Message.swift; sourceTree = "<group>"; };
		B8E2D0162C15FE3300009721 /* DefaultsKey+Extesion.swift */ = {isa = PBXFileReference; lastKnownFileType = sourcecode.swift; path = "DefaultsKey+Extesion.swift"; sourceTree = "<group>"; };
/* End PBXFileReference section */

/* Begin PBXFrameworksBuildPhase section */
		B81F4E602C114DAD0061FA51 /* Frameworks */ = {
			isa = PBXFrameworksBuildPhase;
			buildActionMask = 2147483647;
			files = (
				B81F4E822C114E0E0061FA51 /* SnapKit in Frameworks */,
				B81F4E852C114E190061FA51 /* Alamofire in Frameworks */,
				B81F4E7F2C114DF70061FA51 /* Kingfisher in Frameworks */,
				B8E2D0142C15FDCF00009721 /* SwiftyUserDefaults in Frameworks */,
				B81F4E7C2C114DE70061FA51 /* Toast in Frameworks */,
			);
			runOnlyForDeploymentPostprocessing = 0;
		};
/* End PBXFrameworksBuildPhase section */

/* Begin PBXGroup section */
		B804EC722C15B642008FAD1A /* SettingType */ = {
			isa = PBXGroup;
			children = (
				B804EC732C15C1D3008FAD1A /* EditNameViewController.swift */,
			);
			path = SettingType;
			sourceTree = "<group>";
		};
		B81F4E5A2C114DAD0061FA51 = {
			isa = PBXGroup;
			children = (
				B81F4E872C1150130061FA51 /* .gitignore */,
				B81F4E652C114DAD0061FA51 /* HatchATamagotchi */,
				B81F4E642C114DAD0061FA51 /* Products */,
			);
			sourceTree = "<group>";
		};
		B81F4E642C114DAD0061FA51 /* Products */ = {
			isa = PBXGroup;
			children = (
				B81F4E632C114DAD0061FA51 /* HatchATamagotchi.app */,
			);
			name = Products;
			sourceTree = "<group>";
		};
		B81F4E652C114DAD0061FA51 /* HatchATamagotchi */ = {
			isa = PBXGroup;
			children = (
				B8E2D0152C15FE1E00009721 /* Extension */,
				B81F4E962C115EFA0061FA51 /* View */,
				B81F4E862C114E390061FA51 /* App */,
				B81F4E912C115A9D0061FA51 /* Model */,
				B81F4E8A2C1151530061FA51 /* Custom */,
				B81F4E6F2C114DAF0061FA51 /* Assets.xcassets */,
				B81F4E712C114DAF0061FA51 /* LaunchScreen.storyboard */,
				B81F4E742C114DAF0061FA51 /* Info.plist */,
			);
			path = HatchATamagotchi;
			sourceTree = "<group>";
		};
		B81F4E862C114E390061FA51 /* App */ = {
			isa = PBXGroup;
			children = (
				B81F4E662C114DAD0061FA51 /* AppDelegate.swift */,
				B81F4E682C114DAD0061FA51 /* SceneDelegate.swift */,
			);
			path = App;
			sourceTree = "<group>";
		};
		B81F4E8A2C1151530061FA51 /* Custom */ = {
			isa = PBXGroup;
			children = (
				B81F4E8B2C1151A10061FA51 /* DefaultLayout.swift */,
				B81F4E8D2C11548F0061FA51 /* TamagotchiVC.swift */,
				B81F4EA72C117F7E0061FA51 /* CharacterView.swift */,
				B81F4EA92C12B3210061FA51 /* MainTextField.swift */,
			);
			path = Custom;
			sourceTree = "<group>";
		};
		B81F4E912C115A9D0061FA51 /* Model */ = {
			isa = PBXGroup;
			children = (
				B81F4E942C115AAA0061FA51 /* User.swift */,
				B81F4EA32C1170F70061FA51 /* Tamagotchi.swift */,
				B81F4EAB2C12D6CA0061FA51 /* Message.swift */,
				B804EC702C15B4F4008FAD1A /* SettingType.swift */,
				B804EC752C15C744008FAD1A /* SelectTamagotciVCType.swift */,
			);
			path = Model;
			sourceTree = "<group>";
		};
		B81F4E962C115EFA0061FA51 /* View */ = {
			isa = PBXGroup;
			children = (
				B81F4E9B2C1160440061FA51 /* Init */,
				B81F4E9D2C11605D0061FA51 /* Main */,
				B81F4E9E2C1160720061FA51 /* Setting */,
				B81F4E9C2C11604D0061FA51 /* PopUp */,
			);
			path = View;
			sourceTree = "<group>";
		};
		B81F4E9B2C1160440061FA51 /* Init */ = {
			isa = PBXGroup;
			children = (
				B81F4E972C115F1C0061FA51 /* SelectTamagotchiViewController.swift */,
				B81F4EA52C117D850061FA51 /* SelectTamagotchiCollectionViewCell.swift */,
			);
			path = Init;
			sourceTree = "<group>";
		};
		B81F4E9C2C11604D0061FA51 /* PopUp */ = {
			isa = PBXGroup;
			children = (
				B81F4E992C115FCF0061FA51 /* PopUpViewController.swift */,
			);
			path = PopUp;
			sourceTree = "<group>";
		};
		B81F4E9D2C11605D0061FA51 /* Main */ = {
			isa = PBXGroup;
			children = (
				B81F4E9F2C1160870061FA51 /* MainViewController.swift */,
			);
			path = Main;
			sourceTree = "<group>";
		};
		B81F4E9E2C1160720061FA51 /* Setting */ = {
			isa = PBXGroup;
			children = (
				B804EC722C15B642008FAD1A /* SettingType */,
				B81F4EA12C1160960061FA51 /* SettingViewController.swift */,
				B804EC6E2C15B3ED008FAD1A /* SettingTableViewCell.swift */,
			);
			path = Setting;
			sourceTree = "<group>";
		};
		B8E2D0152C15FE1E00009721 /* Extension */ = {
			isa = PBXGroup;
			children = (
				B8E2D0162C15FE3300009721 /* DefaultsKey+Extesion.swift */,
			);
			path = Extension;
			sourceTree = "<group>";
		};
/* End PBXGroup section */

/* Begin PBXNativeTarget section */
		B81F4E622C114DAD0061FA51 /* HatchATamagotchi */ = {
			isa = PBXNativeTarget;
			buildConfigurationList = B81F4E772C114DAF0061FA51 /* Build configuration list for PBXNativeTarget "HatchATamagotchi" */;
			buildPhases = (
				B81F4E5F2C114DAD0061FA51 /* Sources */,
				B81F4E602C114DAD0061FA51 /* Frameworks */,
				B81F4E612C114DAD0061FA51 /* Resources */,
			);
			buildRules = (
			);
			dependencies = (
			);
			name = HatchATamagotchi;
			packageProductDependencies = (
				B81F4E7B2C114DE70061FA51 /* Toast */,
				B81F4E7E2C114DF70061FA51 /* Kingfisher */,
				B81F4E812C114E0E0061FA51 /* SnapKit */,
				B81F4E842C114E190061FA51 /* Alamofire */,
				B8E2D0132C15FDCF00009721 /* SwiftyUserDefaults */,
			);
			productName = HatchATamagotchi;
			productReference = B81F4E632C114DAD0061FA51 /* HatchATamagotchi.app */;
			productType = "com.apple.product-type.application";
		};
/* End PBXNativeTarget section */

/* Begin PBXProject section */
		B81F4E5B2C114DAD0061FA51 /* Project object */ = {
			isa = PBXProject;
			attributes = {
				BuildIndependentTargetsInParallel = 1;
				LastSwiftUpdateCheck = 1530;
				LastUpgradeCheck = 1530;
				TargetAttributes = {
					B81F4E622C114DAD0061FA51 = {
						CreatedOnToolsVersion = 15.3;
					};
				};
			};
			buildConfigurationList = B81F4E5E2C114DAD0061FA51 /* Build configuration list for PBXProject "HatchATamagotchi" */;
			compatibilityVersion = "Xcode 14.0";
			developmentRegion = en;
			hasScannedForEncodings = 0;
			knownRegions = (
				en,
				Base,
			);
			mainGroup = B81F4E5A2C114DAD0061FA51;
			packageReferences = (
				B81F4E7A2C114DE70061FA51 /* XCRemoteSwiftPackageReference "Toast-Swift" */,
				B81F4E7D2C114DF70061FA51 /* XCRemoteSwiftPackageReference "Kingfisher" */,
				B81F4E802C114E0E0061FA51 /* XCRemoteSwiftPackageReference "SnapKit" */,
				B81F4E832C114E190061FA51 /* XCRemoteSwiftPackageReference "Alamofire" */,
				B8E2D0122C15FDCF00009721 /* XCRemoteSwiftPackageReference "SwiftyUserDefaults" */,
			);
			productRefGroup = B81F4E642C114DAD0061FA51 /* Products */;
			projectDirPath = "";
			projectRoot = "";
			targets = (
				B81F4E622C114DAD0061FA51 /* HatchATamagotchi */,
			);
		};
/* End PBXProject section */

/* Begin PBXResourcesBuildPhase section */
		B81F4E612C114DAD0061FA51 /* Resources */ = {
			isa = PBXResourcesBuildPhase;
			buildActionMask = 2147483647;
			files = (
				B81F4E702C114DAF0061FA51 /* Assets.xcassets in Resources */,
				B81F4E882C1150130061FA51 /* .gitignore in Resources */,
				B81F4E732C114DAF0061FA51 /* Base in Resources */,
			);
			runOnlyForDeploymentPostprocessing = 0;
		};
/* End PBXResourcesBuildPhase section */

/* Begin PBXSourcesBuildPhase section */
		B81F4E5F2C114DAD0061FA51 /* Sources */ = {
			isa = PBXSourcesBuildPhase;
			buildActionMask = 2147483647;
			files = (
				B81F4E8E2C11548F0061FA51 /* TamagotchiVC.swift in Sources */,
				B81F4EA62C117D850061FA51 /* SelectTamagotchiCollectionViewCell.swift in Sources */,
				B81F4EAA2C12B3210061FA51 /* MainTextField.swift in Sources */,
				B81F4E8C2C1151A10061FA51 /* DefaultLayout.swift in Sources */,
				B81F4E9A2C115FCF0061FA51 /* PopUpViewController.swift in Sources */,
				B81F4E982C115F1C0061FA51 /* SelectTamagotchiViewController.swift in Sources */,
				B804EC6F2C15B3ED008FAD1A /* SettingTableViewCell.swift in Sources */,
				B81F4EA42C1170F70061FA51 /* Tamagotchi.swift in Sources */,
				B81F4EA82C117F7E0061FA51 /* CharacterView.swift in Sources */,
				B81F4E672C114DAD0061FA51 /* AppDelegate.swift in Sources */,
				B81F4EA22C1160960061FA51 /* SettingViewController.swift in Sources */,
				B804EC742C15C1D3008FAD1A /* EditNameViewController.swift in Sources */,
				B804EC762C15C744008FAD1A /* SelectTamagotciVCType.swift in Sources */,
				B81F4E692C114DAD0061FA51 /* SceneDelegate.swift in Sources */,
				B804EC712C15B4F4008FAD1A /* SettingType.swift in Sources */,
				B81F4E952C115AAA0061FA51 /* User.swift in Sources */,
				B8E2D0172C15FE3300009721 /* DefaultsKey+Extesion.swift in Sources */,
				B81F4EA02C1160870061FA51 /* MainViewController.swift in Sources */,
				B81F4EAC2C12D6CA0061FA51 /* Message.swift in Sources */,
			);
			runOnlyForDeploymentPostprocessing = 0;
		};
/* End PBXSourcesBuildPhase section */

/* Begin PBXVariantGroup section */
		B81F4E712C114DAF0061FA51 /* LaunchScreen.storyboard */ = {
			isa = PBXVariantGroup;
			children = (
				B81F4E722C114DAF0061FA51 /* Base */,
			);
			name = LaunchScreen.storyboard;
			sourceTree = "<group>";
		};
/* End PBXVariantGroup section */

/* Begin XCBuildConfiguration section */
		B81F4E752C114DAF0061FA51 /* Debug */ = {
			isa = XCBuildConfiguration;
			buildSettings = {
				ALWAYS_SEARCH_USER_PATHS = NO;
				ASSETCATALOG_COMPILER_GENERATE_SWIFT_ASSET_SYMBOL_EXTENSIONS = YES;
				CLANG_ANALYZER_NONNULL = YES;
				CLANG_ANALYZER_NUMBER_OBJECT_CONVERSION = YES_AGGRESSIVE;
				CLANG_CXX_LANGUAGE_STANDARD = "gnu++20";
				CLANG_ENABLE_MODULES = YES;
				CLANG_ENABLE_OBJC_ARC = YES;
				CLANG_ENABLE_OBJC_WEAK = YES;
				CLANG_WARN_BLOCK_CAPTURE_AUTORELEASING = YES;
				CLANG_WARN_BOOL_CONVERSION = YES;
				CLANG_WARN_COMMA = YES;
				CLANG_WARN_CONSTANT_CONVERSION = YES;
				CLANG_WARN_DEPRECATED_OBJC_IMPLEMENTATIONS = YES;
				CLANG_WARN_DIRECT_OBJC_ISA_USAGE = YES_ERROR;
				CLANG_WARN_DOCUMENTATION_COMMENTS = YES;
				CLANG_WARN_EMPTY_BODY = YES;
				CLANG_WARN_ENUM_CONVERSION = YES;
				CLANG_WARN_INFINITE_RECURSION = YES;
				CLANG_WARN_INT_CONVERSION = YES;
				CLANG_WARN_NON_LITERAL_NULL_CONVERSION = YES;
				CLANG_WARN_OBJC_IMPLICIT_RETAIN_SELF = YES;
				CLANG_WARN_OBJC_LITERAL_CONVERSION = YES;
				CLANG_WARN_OBJC_ROOT_CLASS = YES_ERROR;
				CLANG_WARN_QUOTED_INCLUDE_IN_FRAMEWORK_HEADER = YES;
				CLANG_WARN_RANGE_LOOP_ANALYSIS = YES;
				CLANG_WARN_STRICT_PROTOTYPES = YES;
				CLANG_WARN_SUSPICIOUS_MOVE = YES;
				CLANG_WARN_UNGUARDED_AVAILABILITY = YES_AGGRESSIVE;
				CLANG_WARN_UNREACHABLE_CODE = YES;
				CLANG_WARN__DUPLICATE_METHOD_MATCH = YES;
				COPY_PHASE_STRIP = NO;
				DEBUG_INFORMATION_FORMAT = dwarf;
				ENABLE_STRICT_OBJC_MSGSEND = YES;
				ENABLE_TESTABILITY = YES;
				ENABLE_USER_SCRIPT_SANDBOXING = YES;
				GCC_C_LANGUAGE_STANDARD = gnu17;
				GCC_DYNAMIC_NO_PIC = NO;
				GCC_NO_COMMON_BLOCKS = YES;
				GCC_OPTIMIZATION_LEVEL = 0;
				GCC_PREPROCESSOR_DEFINITIONS = (
					"DEBUG=1",
					"$(inherited)",
				);
				GCC_WARN_64_TO_32_BIT_CONVERSION = YES;
				GCC_WARN_ABOUT_RETURN_TYPE = YES_ERROR;
				GCC_WARN_UNDECLARED_SELECTOR = YES;
				GCC_WARN_UNINITIALIZED_AUTOS = YES_AGGRESSIVE;
				GCC_WARN_UNUSED_FUNCTION = YES;
				GCC_WARN_UNUSED_VARIABLE = YES;
				IPHONEOS_DEPLOYMENT_TARGET = 15.0;
				LOCALIZATION_PREFERS_STRING_CATALOGS = YES;
				MTL_ENABLE_DEBUG_INFO = INCLUDE_SOURCE;
				MTL_FAST_MATH = YES;
				ONLY_ACTIVE_ARCH = YES;
				SDKROOT = iphoneos;
				SWIFT_ACTIVE_COMPILATION_CONDITIONS = "DEBUG $(inherited)";
				SWIFT_OPTIMIZATION_LEVEL = "-Onone";
			};
			name = Debug;
		};
		B81F4E762C114DAF0061FA51 /* Release */ = {
			isa = XCBuildConfiguration;
			buildSettings = {
				ALWAYS_SEARCH_USER_PATHS = NO;
				ASSETCATALOG_COMPILER_GENERATE_SWIFT_ASSET_SYMBOL_EXTENSIONS = YES;
				CLANG_ANALYZER_NONNULL = YES;
				CLANG_ANALYZER_NUMBER_OBJECT_CONVERSION = YES_AGGRESSIVE;
				CLANG_CXX_LANGUAGE_STANDARD = "gnu++20";
				CLANG_ENABLE_MODULES = YES;
				CLANG_ENABLE_OBJC_ARC = YES;
				CLANG_ENABLE_OBJC_WEAK = YES;
				CLANG_WARN_BLOCK_CAPTURE_AUTORELEASING = YES;
				CLANG_WARN_BOOL_CONVERSION = YES;
				CLANG_WARN_COMMA = YES;
				CLANG_WARN_CONSTANT_CONVERSION = YES;
				CLANG_WARN_DEPRECATED_OBJC_IMPLEMENTATIONS = YES;
				CLANG_WARN_DIRECT_OBJC_ISA_USAGE = YES_ERROR;
				CLANG_WARN_DOCUMENTATION_COMMENTS = YES;
				CLANG_WARN_EMPTY_BODY = YES;
				CLANG_WARN_ENUM_CONVERSION = YES;
				CLANG_WARN_INFINITE_RECURSION = YES;
				CLANG_WARN_INT_CONVERSION = YES;
				CLANG_WARN_NON_LITERAL_NULL_CONVERSION = YES;
				CLANG_WARN_OBJC_IMPLICIT_RETAIN_SELF = YES;
				CLANG_WARN_OBJC_LITERAL_CONVERSION = YES;
				CLANG_WARN_OBJC_ROOT_CLASS = YES_ERROR;
				CLANG_WARN_QUOTED_INCLUDE_IN_FRAMEWORK_HEADER = YES;
				CLANG_WARN_RANGE_LOOP_ANALYSIS = YES;
				CLANG_WARN_STRICT_PROTOTYPES = YES;
				CLANG_WARN_SUSPICIOUS_MOVE = YES;
				CLANG_WARN_UNGUARDED_AVAILABILITY = YES_AGGRESSIVE;
				CLANG_WARN_UNREACHABLE_CODE = YES;
				CLANG_WARN__DUPLICATE_METHOD_MATCH = YES;
				COPY_PHASE_STRIP = NO;
				DEBUG_INFORMATION_FORMAT = "dwarf-with-dsym";
				ENABLE_NS_ASSERTIONS = NO;
				ENABLE_STRICT_OBJC_MSGSEND = YES;
				ENABLE_USER_SCRIPT_SANDBOXING = YES;
				GCC_C_LANGUAGE_STANDARD = gnu17;
				GCC_NO_COMMON_BLOCKS = YES;
				GCC_WARN_64_TO_32_BIT_CONVERSION = YES;
				GCC_WARN_ABOUT_RETURN_TYPE = YES_ERROR;
				GCC_WARN_UNDECLARED_SELECTOR = YES;
				GCC_WARN_UNINITIALIZED_AUTOS = YES_AGGRESSIVE;
				GCC_WARN_UNUSED_FUNCTION = YES;
				GCC_WARN_UNUSED_VARIABLE = YES;
				IPHONEOS_DEPLOYMENT_TARGET = 15.0;
				LOCALIZATION_PREFERS_STRING_CATALOGS = YES;
				MTL_ENABLE_DEBUG_INFO = NO;
				MTL_FAST_MATH = YES;
				SDKROOT = iphoneos;
				SWIFT_COMPILATION_MODE = wholemodule;
				VALIDATE_PRODUCT = YES;
			};
			name = Release;
		};
		B81F4E782C114DAF0061FA51 /* Debug */ = {
			isa = XCBuildConfiguration;
			buildSettings = {
				ASSETCATALOG_COMPILER_APPICON_NAME = AppIcon;
				ASSETCATALOG_COMPILER_GLOBAL_ACCENT_COLOR_NAME = AccentColor;
				CODE_SIGN_STYLE = Automatic;
				CURRENT_PROJECT_VERSION = 1;
				DEVELOPMENT_TEAM = 9N9NGPM747;
				GENERATE_INFOPLIST_FILE = YES;
				INFOPLIST_FILE = HatchATamagotchi/Info.plist;
				INFOPLIST_KEY_UIApplicationSupportsIndirectInputEvents = YES;
				INFOPLIST_KEY_UILaunchStoryboardName = LaunchScreen;
				INFOPLIST_KEY_UISupportedInterfaceOrientations = UIInterfaceOrientationPortrait;
				LD_RUNPATH_SEARCH_PATHS = (
					"$(inherited)",
					"@executable_path/Frameworks",
				);
				MARKETING_VERSION = 1.0;
				PRODUCT_BUNDLE_IDENTIFIER = com.yeji.HatchATamagotchi;
				PRODUCT_NAME = "$(TARGET_NAME)";
				SUPPORTED_PLATFORMS = "iphoneos iphonesimulator";
				SUPPORTS_MACCATALYST = NO;
				SUPPORTS_MAC_DESIGNED_FOR_IPHONE_IPAD = NO;
				SUPPORTS_XR_DESIGNED_FOR_IPHONE_IPAD = NO;
				SWIFT_EMIT_LOC_STRINGS = YES;
				SWIFT_VERSION = 5.0;
				TARGETED_DEVICE_FAMILY = 1;
			};
			name = Debug;
		};
		B81F4E792C114DAF0061FA51 /* Release */ = {
			isa = XCBuildConfiguration;
			buildSettings = {
				ASSETCATALOG_COMPILER_APPICON_NAME = AppIcon;
				ASSETCATALOG_COMPILER_GLOBAL_ACCENT_COLOR_NAME = AccentColor;
				CODE_SIGN_STYLE = Automatic;
				CURRENT_PROJECT_VERSION = 1;
				DEVELOPMENT_TEAM = 9N9NGPM747;
				GENERATE_INFOPLIST_FILE = YES;
				INFOPLIST_FILE = HatchATamagotchi/Info.plist;
				INFOPLIST_KEY_UIApplicationSupportsIndirectInputEvents = YES;
				INFOPLIST_KEY_UILaunchStoryboardName = LaunchScreen;
				INFOPLIST_KEY_UISupportedInterfaceOrientations = UIInterfaceOrientationPortrait;
				LD_RUNPATH_SEARCH_PATHS = (
					"$(inherited)",
					"@executable_path/Frameworks",
				);
				MARKETING_VERSION = 1.0;
				PRODUCT_BUNDLE_IDENTIFIER = com.yeji.HatchATamagotchi;
				PRODUCT_NAME = "$(TARGET_NAME)";
				SUPPORTED_PLATFORMS = "iphoneos iphonesimulator";
				SUPPORTS_MACCATALYST = NO;
				SUPPORTS_MAC_DESIGNED_FOR_IPHONE_IPAD = NO;
				SUPPORTS_XR_DESIGNED_FOR_IPHONE_IPAD = NO;
				SWIFT_EMIT_LOC_STRINGS = YES;
				SWIFT_VERSION = 5.0;
				TARGETED_DEVICE_FAMILY = 1;
			};
			name = Release;
		};
/* End XCBuildConfiguration section */

/* Begin XCConfigurationList section */
		B81F4E5E2C114DAD0061FA51 /* Build configuration list for PBXProject "HatchATamagotchi" */ = {
			isa = XCConfigurationList;
			buildConfigurations = (
				B81F4E752C114DAF0061FA51 /* Debug */,
				B81F4E762C114DAF0061FA51 /* Release */,
			);
			defaultConfigurationIsVisible = 0;
			defaultConfigurationName = Release;
		};
		B81F4E772C114DAF0061FA51 /* Build configuration list for PBXNativeTarget "HatchATamagotchi" */ = {
			isa = XCConfigurationList;
			buildConfigurations = (
				B81F4E782C114DAF0061FA51 /* Debug */,
				B81F4E792C114DAF0061FA51 /* Release */,
			);
			defaultConfigurationIsVisible = 0;
			defaultConfigurationName = Release;
		};
/* End XCConfigurationList section */

/* Begin XCRemoteSwiftPackageReference section */
		B81F4E7A2C114DE70061FA51 /* XCRemoteSwiftPackageReference "Toast-Swift" */ = {
			isa = XCRemoteSwiftPackageReference;
			repositoryURL = "https://github.com/scalessec/Toast-Swift.git";
			requirement = {
				kind = upToNextMajorVersion;
				minimumVersion = 5.1.1;
			};
		};
		B81F4E7D2C114DF70061FA51 /* XCRemoteSwiftPackageReference "Kingfisher" */ = {
			isa = XCRemoteSwiftPackageReference;
			repositoryURL = "https://github.com/onevcat/Kingfisher";
			requirement = {
				kind = upToNextMajorVersion;
				minimumVersion = 7.11.0;
			};
		};
		B81F4E802C114E0E0061FA51 /* XCRemoteSwiftPackageReference "SnapKit" */ = {
			isa = XCRemoteSwiftPackageReference;
			repositoryURL = "https://github.com/SnapKit/SnapKit.git";
			requirement = {
				kind = upToNextMajorVersion;
				minimumVersion = 5.7.1;
			};
		};
		B81F4E832C114E190061FA51 /* XCRemoteSwiftPackageReference "Alamofire" */ = {
			isa = XCRemoteSwiftPackageReference;
			repositoryURL = "https://github.com/Alamofire/Alamofire.git";
			requirement = {
				kind = upToNextMajorVersion;
				minimumVersion = 5.9.1;
			};
		};
		B8E2D0122C15FDCF00009721 /* XCRemoteSwiftPackageReference "SwiftyUserDefaults" */ = {
			isa = XCRemoteSwiftPackageReference;
			repositoryURL = "https://github.com/sunshinejr/SwiftyUserDefaults.git";
			requirement = {
				kind = upToNextMajorVersion;
				minimumVersion = 5.3.0;
			};
		};
/* End XCRemoteSwiftPackageReference section */

/* Begin XCSwiftPackageProductDependency section */
		B81F4E7B2C114DE70061FA51 /* Toast */ = {
			isa = XCSwiftPackageProductDependency;
			package = B81F4E7A2C114DE70061FA51 /* XCRemoteSwiftPackageReference "Toast-Swift" */;
			productName = Toast;
		};
		B81F4E7E2C114DF70061FA51 /* Kingfisher */ = {
			isa = XCSwiftPackageProductDependency;
			package = B81F4E7D2C114DF70061FA51 /* XCRemoteSwiftPackageReference "Kingfisher" */;
			productName = Kingfisher;
		};
		B81F4E812C114E0E0061FA51 /* SnapKit */ = {
			isa = XCSwiftPackageProductDependency;
			package = B81F4E802C114E0E0061FA51 /* XCRemoteSwiftPackageReference "SnapKit" */;
			productName = SnapKit;
		};
		B81F4E842C114E190061FA51 /* Alamofire */ = {
			isa = XCSwiftPackageProductDependency;
			package = B81F4E832C114E190061FA51 /* XCRemoteSwiftPackageReference "Alamofire" */;
			productName = Alamofire;
		};
		B8E2D0132C15FDCF00009721 /* SwiftyUserDefaults */ = {
			isa = XCSwiftPackageProductDependency;
			package = B8E2D0122C15FDCF00009721 /* XCRemoteSwiftPackageReference "SwiftyUserDefaults" */;
			productName = SwiftyUserDefaults;
		};
/* End XCSwiftPackageProductDependency section */
	};
	rootObject = B81F4E5B2C114DAD0061FA51 /* Project object */;
}
